
Microsoft Visual Studio Solution File, Format Version 12.00
# Visual Studio 15
VisualStudioVersion = 15.0.27128.1
MinimumVisualStudioVersion = 10.0.40219.1
Project("{FAE04EC0-301F-11D3-BF4B-00C04F79EFBC}") = "RefactorMe.Business", "RefactorMe.Application\RefactorMe.Business.csproj", "{9D25CEFE-9F66-4980-8888-11048AD2AB5F}"
EndProject
Project("{FAE04EC0-301F-11D3-BF4B-00C04F79EFBC}") = "RefactorMe.Model", "RefactorMe.Domain\RefactorMe.Model.csproj", "{547CE85D-2832-4D5C-8CB0-E9514ABC1285}"
EndProject
Project("{FAE04EC0-301F-11D3-BF4B-00C04F79EFBC}") = "RefactorMe.Data", "RefactorMe.Infra.Data\RefactorMe.Data.csproj", "{079D933E-1F03-4570-9A16-3F01940900B5}"
EndProject
Project("{FAE04EC0-301F-11D3-BF4B-00C04F79EFBC}") = "RefactorMe.Webapi", "RefactorMe.Webapi\RefactorMe.Webapi.csproj", "{D80960A2-4E74-401F-BE89-0A1BBAA4D356}"
EndProject
Project("{FAE04EC0-301F-11D3-BF4B-00C04F79EFBC}") = "RefactorMe.Test", "RefactorMe.Webapi.Test\RefactorMe.Test.csproj", "{458E67CE-769A-485D-BE1C-E3C693340084}"
EndProject
Global
	GlobalSection(SolutionConfigurationPlatforms) = preSolution
		Debug|Any CPU = Debug|Any CPU
		Release|Any CPU = Release|Any CPU
	EndGlobalSection
	GlobalSection(ProjectConfigurationPlatforms) = postSolution
		{9D25CEFE-9F66-4980-8888-11048AD2AB5F}.Debug|Any CPU.ActiveCfg = Debug|Any CPU
		{9D25CEFE-9F66-4980-8888-11048AD2AB5F}.Debug|Any CPU.Build.0 = Debug|Any CPU
		{9D25CEFE-9F66-4980-8888-11048AD2AB5F}.Release|Any CPU.ActiveCfg = Release|Any CPU
		{9D25CEFE-9F66-4980-8888-11048AD2AB5F}.Release|Any CPU.Build.0 = Release|Any CPU
		{547CE85D-2832-4D5C-8CB0-E9514ABC1285}.Debug|Any CPU.ActiveCfg = Debug|Any CPU
		{547CE85D-2832-4D5C-8CB0-E9514ABC1285}.Debug|Any CPU.Build.0 = Debug|Any CPU
		{547CE85D-2832-4D5C-8CB0-E9514ABC1285}.Release|Any CPU.ActiveCfg = Release|Any CPU
		{547CE85D-2832-4D5C-8CB0-E9514ABC1285}.Release|Any CPU.Build.0 = Release|Any CPU
		{079D933E-1F03-4570-9A16-3F01940900B5}.Debug|Any CPU.ActiveCfg = Debug|Any CPU
		{079D933E-1F03-4570-9A16-3F01940900B5}.Debug|Any CPU.Build.0 = Debug|Any CPU
		{079D933E-1F03-4570-9A16-3F01940900B5}.Release|Any CPU.ActiveCfg = Release|Any CPU
		{079D933E-1F03-4570-9A16-3F01940900B5}.Release|Any CPU.Build.0 = Release|Any CPU
		{D80960A2-4E74-401F-BE89-0A1BBAA4D356}.Debug|Any CPU.ActiveCfg = Debug|Any CPU
		{D80960A2-4E74-401F-BE89-0A1BBAA4D356}.Debug|Any CPU.Build.0 = Debug|Any CPU
		{D80960A2-4E74-401F-BE89-0A1BBAA4D356}.Release|Any CPU.ActiveCfg = Release|Any CPU
		{D80960A2-4E74-401F-BE89-0A1BBAA4D356}.Release|Any CPU.Build.0 = Release|Any CPU
		{458E67CE-769A-485D-BE1C-E3C693340084}.Debug|Any CPU.ActiveCfg = Debug|Any CPU
		{458E67CE-769A-485D-BE1C-E3C693340084}.Debug|Any CPU.Build.0 = Debug|Any CPU
		{458E67CE-769A-485D-BE1C-E3C693340084}.Release|Any CPU.ActiveCfg = Release|Any CPU
		{458E67CE-769A-485D-BE1C-E3C693340084}.Release|Any CPU.Build.0 = Release|Any CPU
	EndGlobalSection
	GlobalSection(SolutionProperties) = preSolution
		HideSolutionNode = FALSE
	EndGlobalSection
	GlobalSection(ExtensibilityGlobals) = postSolution
		SolutionGuid = {FB813AF5-764F-4872-B9B7-3F85498107FC}
	EndGlobalSection
EndGlobal
